// !$*UTF8*$!
{
	archiveVersion = 1;
	classes = {
	};
	objectVersion = 50;
	objects = {

/* Begin PBXBuildFile section */
		BA4C5160220207560071FEDE /* UIImage+Color.swift in Sources */ = {isa = PBXBuildFile; fileRef = BA4C515F220207560071FEDE /* UIImage+Color.swift */; };
		BA4C516222024AB70071FEDE /* TintFilter.swift in Sources */ = {isa = PBXBuildFile; fileRef = BA4C516122024AB70071FEDE /* TintFilter.swift */; };
		BAEFD1B42202009400A7A093 /* AppDelegate.swift in Sources */ = {isa = PBXBuildFile; fileRef = BAEFD1B32202009400A7A093 /* AppDelegate.swift */; };
		BAEFD1B62202009400A7A093 /* ViewController.swift in Sources */ = {isa = PBXBuildFile; fileRef = BAEFD1B52202009400A7A093 /* ViewController.swift */; };
		BAEFD1B92202009400A7A093 /* Main.storyboard in Resources */ = {isa = PBXBuildFile; fileRef = BAEFD1B72202009400A7A093 /* Main.storyboard */; };
		BAEFD1BB2202009600A7A093 /* Assets.xcassets in Resources */ = {isa = PBXBuildFile; fileRef = BAEFD1BA2202009600A7A093 /* Assets.xcassets */; };
		BAEFD1BE2202009600A7A093 /* LaunchScreen.storyboard in Resources */ = {isa = PBXBuildFile; fileRef = BAEFD1BC2202009600A7A093 /* LaunchScreen.storyboard */; };
		BAEFD1C92202009600A7A093 /* VideoBlendTestTests.swift in Sources */ = {isa = PBXBuildFile; fileRef = BAEFD1C82202009600A7A093 /* VideoBlendTestTests.swift */; };
		BAEFD1D7220204C600A7A093 /* UIImage+Tint.swift in Sources */ = {isa = PBXBuildFile; fileRef = BAEFD1D6220204C600A7A093 /* UIImage+Tint.swift */; };
/* End PBXBuildFile section */

/* Begin PBXContainerItemProxy section */
		BAEFD1C52202009600A7A093 /* PBXContainerItemProxy */ = {
			isa = PBXContainerItemProxy;
			containerPortal = BAEFD1A82202009400A7A093 /* Project object */;
			proxyType = 1;
			remoteGlobalIDString = BAEFD1AF2202009400A7A093;
			remoteInfo = VideoBlendTest;
		};
/* End PBXContainerItemProxy section */

/* Begin PBXFileReference section */
		BA4C515F220207560071FEDE /* UIImage+Color.swift */ = {isa = PBXFileReference; lastKnownFileType = sourcecode.swift; path = "UIImage+Color.swift"; sourceTree = "<group>"; };
		BA4C516122024AB70071FEDE /* TintFilter.swift */ = {isa = PBXFileReference; lastKnownFileType = sourcecode.swift; path = TintFilter.swift; sourceTree = "<group>"; };
		BAEFD1B02202009400A7A093 /* VideoBlendTest.app */ = {isa = PBXFileReference; explicitFileType = wrapper.application; includeInIndex = 0; path = VideoBlendTest.app; sourceTree = BUILT_PRODUCTS_DIR; };
		BAEFD1B32202009400A7A093 /* AppDelegate.swift */ = {isa = PBXFileReference; lastKnownFileType = sourcecode.swift; path = AppDelegate.swift; sourceTree = "<group>"; };
		BAEFD1B52202009400A7A093 /* ViewController.swift */ = {isa = PBXFileReference; lastKnownFileType = sourcecode.swift; path = ViewController.swift; sourceTree = "<group>"; };
		BAEFD1B82202009400A7A093 /* Base */ = {isa = PBXFileReference; lastKnownFileType = file.storyboard; name = Base; path = Base.lproj/Main.storyboard; sourceTree = "<group>"; };
		BAEFD1BA2202009600A7A093 /* Assets.xcassets */ = {isa = PBXFileReference; lastKnownFileType = folder.assetcatalog; path = Assets.xcassets; sourceTree = "<group>"; };
		BAEFD1BD2202009600A7A093 /* Base */ = {isa = PBXFileReference; lastKnownFileType = file.storyboard; name = Base; path = Base.lproj/LaunchScreen.storyboard; sourceTree = "<group>"; };
		BAEFD1BF2202009600A7A093 /* Info.plist */ = {isa = PBXFileReference; lastKnownFileType = text.plist.xml; path = Info.plist; sourceTree = "<group>"; };
		BAEFD1C42202009600A7A093 /* VideoBlendTestTests.xctest */ = {isa = PBXFileReference; explicitFileType = wrapper.cfbundle; includeInIndex = 0; path = VideoBlendTestTests.xctest; sourceTree = BUILT_PRODUCTS_DIR; };
		BAEFD1C82202009600A7A093 /* VideoBlendTestTests.swift */ = {isa = PBXFileReference; lastKnownFileType = sourcecode.swift; path = VideoBlendTestTests.swift; sourceTree = "<group>"; };
		BAEFD1CA2202009600A7A093 /* Info.plist */ = {isa = PBXFileReference; lastKnownFileType = text.plist.xml; path = Info.plist; sourceTree = "<group>"; };
		BAEFD1D6220204C600A7A093 /* UIImage+Tint.swift */ = {isa = PBXFileReference; lastKnownFileType = sourcecode.swift; path = "UIImage+Tint.swift"; sourceTree = "<group>"; };
/* End PBXFileReference section */

/* Begin PBXFrameworksBuildPhase section */
		BAEFD1AD2202009400A7A093 /* Frameworks */ = {
			isa = PBXFrameworksBuildPhase;
			buildActionMask = 2147483647;
			files = (
			);
			runOnlyForDeploymentPostprocessing = 0;
		};
		BAEFD1C12202009600A7A093 /* Frameworks */ = {
			isa = PBXFrameworksBuildPhase;
			buildActionMask = 2147483647;
			files = (
			);
			runOnlyForDeploymentPostprocessing = 0;
		};
/* End PBXFrameworksBuildPhase section */

/* Begin PBXGroup section */
		BAEFD1A72202009400A7A093 = {
			isa = PBXGroup;
			children = (
				BAEFD1B22202009400A7A093 /* VideoBlendTest */,
				BAEFD1C72202009600A7A093 /* VideoBlendTestTests */,
				BAEFD1B12202009400A7A093 /* Products */,
			);
			sourceTree = "<group>";
		};
		BAEFD1B12202009400A7A093 /* Products */ = {
			isa = PBXGroup;
			children = (
				BAEFD1B02202009400A7A093 /* VideoBlendTest.app */,
				BAEFD1C42202009600A7A093 /* VideoBlendTestTests.xctest */,
			);
			name = Products;
			sourceTree = "<group>";
		};
		BAEFD1B22202009400A7A093 /* VideoBlendTest */ = {
			isa = PBXGroup;
			children = (
				BAEFD1B32202009400A7A093 /* AppDelegate.swift */,
				BAEFD1B52202009400A7A093 /* ViewController.swift */,
				BAEFD1B72202009400A7A093 /* Main.storyboard */,
				BAEFD1BA2202009600A7A093 /* Assets.xcassets */,
				BAEFD1BC2202009600A7A093 /* LaunchScreen.storyboard */,
				BAEFD1BF2202009600A7A093 /* Info.plist */,
				BAEFD1D6220204C600A7A093 /* UIImage+Tint.swift */,
				BA4C515F220207560071FEDE /* UIImage+Color.swift */,
				BA4C516122024AB70071FEDE /* TintFilter.swift */,
			);
			path = VideoBlendTest;
			sourceTree = "<group>";
		};
		BAEFD1C72202009600A7A093 /* VideoBlendTestTests */ = {
			isa = PBXGroup;
			children = (
				BAEFD1C82202009600A7A093 /* VideoBlendTestTests.swift */,
				BAEFD1CA2202009600A7A093 /* Info.plist */,
			);
			path = VideoBlendTestTests;
			sourceTree = "<group>";
		};
/* End PBXGroup section */

/* Begin PBXNativeTarget section */
		BAEFD1AF2202009400A7A093 /* VideoBlendTest */ = {
			isa = PBXNativeTarget;
			buildConfigurationList = BAEFD1CD2202009600A7A093 /* Build configuration list for PBXNativeTarget "VideoBlendTest" */;
			buildPhases = (
				BAEFD1AC2202009400A7A093 /* Sources */,
				BAEFD1AD2202009400A7A093 /* Frameworks */,
				BAEFD1AE2202009400A7A093 /* Resources */,
			);
			buildRules = (
			);
			dependencies = (
			);
			name = VideoBlendTest;
			productName = VideoBlendTest;
			productReference = BAEFD1B02202009400A7A093 /* VideoBlendTest.app */;
			productType = "com.apple.product-type.application";
		};
		BAEFD1C32202009600A7A093 /* VideoBlendTestTests */ = {
			isa = PBXNativeTarget;
			buildConfigurationList = BAEFD1D02202009600A7A093 /* Build configuration list for PBXNativeTarget "VideoBlendTestTests" */;
			buildPhases = (
				BAEFD1C02202009600A7A093 /* Sources */,
				BAEFD1C12202009600A7A093 /* Frameworks */,
				BAEFD1C22202009600A7A093 /* Resources */,
			);
			buildRules = (
			);
			dependencies = (
				BAEFD1C62202009600A7A093 /* PBXTargetDependency */,
			);
			name = VideoBlendTestTests;
			productName = VideoBlendTestTests;
			productReference = BAEFD1C42202009600A7A093 /* VideoBlendTestTests.xctest */;
			productType = "com.apple.product-type.bundle.unit-test";
		};
/* End PBXNativeTarget section */

/* Begin PBXProject section */
		BAEFD1A82202009400A7A093 /* Project object */ = {
			isa = PBXProject;
			attributes = {
				LastSwiftUpdateCheck = 1010;
				LastUpgradeCheck = 1010;
				ORGANIZATIONNAME = "Andreas Hörberg";
				TargetAttributes = {
					BAEFD1AF2202009400A7A093 = {
						CreatedOnToolsVersion = 10.1;
					};
					BAEFD1C32202009600A7A093 = {
						CreatedOnToolsVersion = 10.1;
						TestTargetID = BAEFD1AF2202009400A7A093;
					};
				};
			};
			buildConfigurationList = BAEFD1AB2202009400A7A093 /* Build configuration list for PBXProject "VideoBlendTest" */;
			compatibilityVersion = "Xcode 9.3";
			developmentRegion = en;
			hasScannedForEncodings = 0;
			knownRegions = (
				en,
				Base,
			);
			mainGroup = BAEFD1A72202009400A7A093;
			productRefGroup = BAEFD1B12202009400A7A093 /* Products */;
			projectDirPath = "";
			projectRoot = "";
			targets = (
				BAEFD1AF2202009400A7A093 /* VideoBlendTest */,
				BAEFD1C32202009600A7A093 /* VideoBlendTestTests */,
			);
		};
/* End PBXProject section */

/* Begin PBXResourcesBuildPhase section */
		BAEFD1AE2202009400A7A093 /* Resources */ = {
			isa = PBXResourcesBuildPhase;
			buildActionMask = 2147483647;
			files = (
				BAEFD1BE2202009600A7A093 /* LaunchScreen.storyboard in Resources */,
				BAEFD1BB2202009600A7A093 /* Assets.xcassets in Resources */,
				BAEFD1B92202009400A7A093 /* Main.storyboard in Resources */,
			);
			runOnlyForDeploymentPostprocessing = 0;
		};
		BAEFD1C22202009600A7A093 /* Resources */ = {
			isa = PBXResourcesBuildPhase;
			buildActionMask = 2147483647;
			files = (
			);
			runOnlyForDeploymentPostprocessing = 0;
		};
/* End PBXResourcesBuildPhase section */

/* Begin PBXSourcesBuildPhase section */
		BAEFD1AC2202009400A7A093 /* Sources */ = {
			isa = PBXSourcesBuildPhase;
			buildActionMask = 2147483647;
			files = (
				BAEFD1B62202009400A7A093 /* ViewController.swift in Sources */,
				BA4C516222024AB70071FEDE /* TintFilter.swift in Sources */,
				BA4C5160220207560071FEDE /* UIImage+Color.swift in Sources */,
				BAEFD1D7220204C600A7A093 /* UIImage+Tint.swift in Sources */,
				BAEFD1B42202009400A7A093 /* AppDelegate.swift in Sources */,
			);
			runOnlyForDeploymentPostprocessing = 0;
		};
		BAEFD1C02202009600A7A093 /* Sources */ = {
			isa = PBXSourcesBuildPhase;
			buildActionMask = 2147483647;
			files = (
				BAEFD1C92202009600A7A093 /* VideoBlendTestTests.swift in Sources */,
			);
			runOnlyForDeploymentPostprocessing = 0;
		};
/* End PBXSourcesBuildPhase section */

/* Begin PBXTargetDependency section */
		BAEFD1C62202009600A7A093 /* PBXTargetDependency */ = {
			isa = PBXTargetDependency;
			target = BAEFD1AF2202009400A7A093 /* VideoBlendTest */;
			targetProxy = BAEFD1C52202009600A7A093 /* PBXContainerItemProxy */;
		};
/* End PBXTargetDependency section */

/* Begin PBXVariantGroup section */
		BAEFD1B72202009400A7A093 /* Main.storyboard */ = {
			isa = PBXVariantGroup;
			children = (
				BAEFD1B82202009400A7A093 /* Base */,
			);
			name = Main.storyboard;
			sourceTree = "<group>";
		};
		BAEFD1BC2202009600A7A093 /* LaunchScreen.storyboard */ = {
			isa = PBXVariantGroup;
			children = (
				BAEFD1BD2202009600A7A093 /* Base */,
			);
			name = LaunchScreen.storyboard;
			sourceTree = "<group>";
		};
/* End PBXVariantGroup section */

/* Begin XCBuildConfiguration section */
		BAEFD1CB2202009600A7A093 /* Debug */ = {
			isa = XCBuildConfiguration;
			buildSettings = {
				ALWAYS_SEARCH_USER_PATHS = NO;
				CLANG_ANALYZER_NONNULL = YES;
				CLANG_ANALYZER_NUMBER_OBJECT_CONVERSION = YES_AGGRESSIVE;
				CLANG_CXX_LANGUAGE_STANDARD = "gnu++14";
				CLANG_CXX_LIBRARY = "libc++";
				CLANG_ENABLE_MODULES = YES;
				CLANG_ENABLE_OBJC_ARC = YES;
				CLANG_ENABLE_OBJC_WEAK = YES;
				CLANG_WARN_BLOCK_CAPTURE_AUTORELEASING = YES;
				CLANG_WARN_BOOL_CONVERSION = YES;
				CLANG_WARN_COMMA = YES;
				CLANG_WARN_CONSTANT_CONVERSION = YES;
				CLANG_WARN_DEPRECATED_OBJC_IMPLEMENTATIONS = YES;
				CLANG_WARN_DIRECT_OBJC_ISA_USAGE = YES_ERROR;
				CLANG_WARN_DOCUMENTATION_COMMENTS = YES;
				CLANG_WARN_EMPTY_BODY = YES;
				CLANG_WARN_ENUM_CONVERSION = YES;
				CLANG_WARN_INFINITE_RECURSION = YES;
				CLANG_WARN_INT_CONVERSION = YES;
				CLANG_WARN_NON_LITERAL_NULL_CONVERSION = YES;
				CLANG_WARN_OBJC_IMPLICIT_RETAIN_SELF = YES;
				CLANG_WARN_OBJC_LITERAL_CONVERSION = YES;
				CLANG_WARN_OBJC_ROOT_CLASS = YES_ERROR;
				CLANG_WARN_RANGE_LOOP_ANALYSIS = YES;
				CLANG_WARN_STRICT_PROTOTYPES = YES;
				CLANG_WARN_SUSPICIOUS_MOVE = YES;
				CLANG_WARN_UNGUARDED_AVAILABILITY = YES_AGGRESSIVE;
				CLANG_WARN_UNREACHABLE_CODE = YES;
				CLANG_WARN__DUPLICATE_METHOD_MATCH = YES;
				CODE_SIGN_IDENTITY = "iPhone Developer";
				COPY_PHASE_STRIP = NO;
				DEBUG_INFORMATION_FORMAT = dwarf;
				ENABLE_STRICT_OBJC_MSGSEND = YES;
				ENABLE_TESTABILITY = YES;
				GCC_C_LANGUAGE_STANDARD = gnu11;
				GCC_DYNAMIC_NO_PIC = NO;
				GCC_NO_COMMON_BLOCKS = YES;
				GCC_OPTIMIZATION_LEVEL = 0;
				GCC_PREPROCESSOR_DEFINITIONS = (
					"DEBUG=1",
					"$(inherited)",
				);
				GCC_WARN_64_TO_32_BIT_CONVERSION = YES;
				GCC_WARN_ABOUT_RETURN_TYPE = YES_ERROR;
				GCC_WARN_UNDECLARED_SELECTOR = YES;
				GCC_WARN_UNINITIALIZED_AUTOS = YES_AGGRESSIVE;
				GCC_WARN_UNUSED_FUNCTION = YES;
				GCC_WARN_UNUSED_VARIABLE = YES;
				IPHONEOS_DEPLOYMENT_TARGET = 12.1;
				MTL_ENABLE_DEBUG_INFO = INCLUDE_SOURCE;
				MTL_FAST_MATH = YES;
				ONLY_ACTIVE_ARCH = YES;
				SDKROOT = iphoneos;
				SWIFT_ACTIVE_COMPILATION_CONDITIONS = DEBUG;
				SWIFT_OPTIMIZATION_LEVEL = "-Onone";
			};
			name = Debug;
		};
		BAEFD1CC2202009600A7A093 /* Release */ = {
			isa = XCBuildConfiguration;
			buildSettings = {
				ALWAYS_SEARCH_USER_PATHS = NO;
				CLANG_ANALYZER_NONNULL = YES;
				CLANG_ANALYZER_NUMBER_OBJECT_CONVERSION = YES_AGGRESSIVE;
				CLANG_CXX_LANGUAGE_STANDARD = "gnu++14";
				CLANG_CXX_LIBRARY = "libc++";
				CLANG_ENABLE_MODULES = YES;
				CLANG_ENABLE_OBJC_ARC = YES;
				CLANG_ENABLE_OBJC_WEAK = YES;
				CLANG_WARN_BLOCK_CAPTURE_AUTORELEASING = YES;
				CLANG_WARN_BOOL_CONVERSION = YES;
				CLANG_WARN_COMMA = YES;
				CLANG_WARN_CONSTANT_CONVERSION = YES;
				CLANG_WARN_DEPRECATED_OBJC_IMPLEMENTATIONS = YES;
				CLANG_WARN_DIRECT_OBJC_ISA_USAGE = YES_ERROR;
				CLANG_WARN_DOCUMENTATION_COMMENTS = YES;
				CLANG_WARN_EMPTY_BODY = YES;
				CLANG_WARN_ENUM_CONVERSION = YES;
				CLANG_WARN_INFINITE_RECURSION = YES;
				CLANG_WARN_INT_CONVERSION = YES;
				CLANG_WARN_NON_LITERAL_NULL_CONVERSION = YES;
				CLANG_WARN_OBJC_IMPLICIT_RETAIN_SELF = YES;
				CLANG_WARN_OBJC_LITERAL_CONVERSION = YES;
				CLANG_WARN_OBJC_ROOT_CLASS = YES_ERROR;
				CLANG_WARN_RANGE_LOOP_ANALYSIS = YES;
				CLANG_WARN_STRICT_PROTOTYPES = YES;
				CLANG_WARN_SUSPICIOUS_MOVE = YES;
				CLANG_WARN_UNGUARDED_AVAILABILITY = YES_AGGRESSIVE;
				CLANG_WARN_UNREACHABLE_CODE = YES;
				CLANG_WARN__DUPLICATE_METHOD_MATCH = YES;
				CODE_SIGN_IDENTITY = "iPhone Developer";
				COPY_PHASE_STRIP = NO;
				DEBUG_INFORMATION_FORMAT = "dwarf-with-dsym";
				ENABLE_NS_ASSERTIONS = NO;
				ENABLE_STRICT_OBJC_MSGSEND = YES;
				GCC_C_LANGUAGE_STANDARD = gnu11;
				GCC_NO_COMMON_BLOCKS = YES;
				GCC_WARN_64_TO_32_BIT_CONVERSION = YES;
				GCC_WARN_ABOUT_RETURN_TYPE = YES_ERROR;
				GCC_WARN_UNDECLARED_SELECTOR = YES;
				GCC_WARN_UNINITIALIZED_AUTOS = YES_AGGRESSIVE;
				GCC_WARN_UNUSED_FUNCTION = YES;
				GCC_WARN_UNUSED_VARIABLE = YES;
				IPHONEOS_DEPLOYMENT_TARGET = 12.1;
				MTL_ENABLE_DEBUG_INFO = NO;
				MTL_FAST_MATH = YES;
				SDKROOT = iphoneos;
				SWIFT_COMPILATION_MODE = wholemodule;
				SWIFT_OPTIMIZATION_LEVEL = "-O";
				VALIDATE_PRODUCT = YES;
			};
			name = Release;
		};
		BAEFD1CE2202009600A7A093 /* Debug */ = {
			isa = XCBuildConfiguration;
			buildSettings = {
				ASSETCATALOG_COMPILER_APPICON_NAME = AppIcon;
				CODE_SIGN_STYLE = Automatic;
				DEVELOPMENT_TEAM = 3PJL6N7ZC7;
				INFOPLIST_FILE = VideoBlendTest/Info.plist;
				LD_RUNPATH_SEARCH_PATHS = (
					"$(inherited)",
					"@executable_path/Frameworks",
				);
				PRODUCT_BUNDLE_IDENTIFIER = se.imaginareal.VideoBlendTest;
				PRODUCT_NAME = "$(TARGET_NAME)";
				SWIFT_VERSION = 4.2;
				TARGETED_DEVICE_FAMILY = "1,2";
			};
			name = Debug;
		};
		BAEFD1CF2202009600A7A093 /* Release */ = {
			isa = XCBuildConfiguration;
			buildSettings = {
				ASSETCATALOG_COMPILER_APPICON_NAME = AppIcon;
				CODE_SIGN_STYLE = Automatic;
				DEVELOPMENT_TEAM = 3PJL6N7ZC7;
				INFOPLIST_FILE = VideoBlendTest/Info.plist;
				LD_RUNPATH_SEARCH_PATHS = (
					"$(inherited)",
					"@executable_path/Frameworks",
				);
				PRODUCT_BUNDLE_IDENTIFIER = se.imaginareal.VideoBlendTest;
				PRODUCT_NAME = "$(TARGET_NAME)";
				SWIFT_VERSION = 4.2;
				TARGETED_DEVICE_FAMILY = "1,2";
			};
			name = Release;
		};
		BAEFD1D12202009600A7A093 /* Debug */ = {
			isa = XCBuildConfiguration;
			buildSettings = {
				ALWAYS_EMBED_SWIFT_STANDARD_LIBRARIES = YES;
				BUNDLE_LOADER = "$(TEST_HOST)";
				CODE_SIGN_STYLE = Automatic;
				DEVELOPMENT_TEAM = 3PJL6N7ZC7;
				INFOPLIST_FILE = VideoBlendTestTests/Info.plist;
				LD_RUNPATH_SEARCH_PATHS = (
					"$(inherited)",
					"@executable_path/Frameworks",
					"@loader_path/Frameworks",
				);
				PRODUCT_BUNDLE_IDENTIFIER = se.imaginareal.VideoBlendTestTests;
				PRODUCT_NAME = "$(TARGET_NAME)";
				SWIFT_VERSION = 4.2;
				TARGETED_DEVICE_FAMILY = "1,2";
				TEST_HOST = "$(BUILT_PRODUCTS_DIR)/VideoBlendTest.app/VideoBlendTest";
			};
			name = Debug;
		};
		BAEFD1D22202009600A7A093 /* Release */ = {
			isa = XCBuildConfiguration;
			buildSettings = {
				ALWAYS_EMBED_SWIFT_STANDARD_LIBRARIES = YES;
				BUNDLE_LOADER = "$(TEST_HOST)";
				CODE_SIGN_STYLE = Automatic;
				DEVELOPMENT_TEAM = 3PJL6N7ZC7;
				INFOPLIST_FILE = VideoBlendTestTests/Info.plist;
				LD_RUNPATH_SEARCH_PATHS = (
					"$(inherited)",
					"@executable_path/Frameworks",
					"@loader_path/Frameworks",
				);
				PRODUCT_BUNDLE_IDENTIFIER = se.imaginareal.VideoBlendTestTests;
				PRODUCT_NAME = "$(TARGET_NAME)";
				SWIFT_VERSION = 4.2;
				TARGETED_DEVICE_FAMILY = "1,2";
				TEST_HOST = "$(BUILT_PRODUCTS_DIR)/VideoBlendTest.app/VideoBlendTest";
			};
			name = Release;
		};
/* End XCBuildConfiguration section */

/* Begin XCConfigurationList section */
		BAEFD1AB2202009400A7A093 /* Build configuration list for PBXProject "VideoBlendTest" */ = {
			isa = XCConfigurationList;
			buildConfigurations = (
				BAEFD1CB2202009600A7A093 /* Debug */,
				BAEFD1CC2202009600A7A093 /* Release */,
			);
			defaultConfigurationIsVisible = 0;
			defaultConfigurationName = Release;
		};
		BAEFD1CD2202009600A7A093 /* Build configuration list for PBXNativeTarget "VideoBlendTest" */ = {
			isa = XCConfigurationList;
			buildConfigurations = (
				BAEFD1CE2202009600A7A093 /* Debug */,
				BAEFD1CF2202009600A7A093 /* Release */,
			);
			defaultConfigurationIsVisible = 0;
			defaultConfigurationName = Release;
		};
		BAEFD1D02202009600A7A093 /* Build configuration list for PBXNativeTarget "VideoBlendTestTests" */ = {
			isa = XCConfigurationList;
			buildConfigurations = (
				BAEFD1D12202009600A7A093 /* Debug */,
				BAEFD1D22202009600A7A093 /* Release */,
			);
			defaultConfigurationIsVisible = 0;
			defaultConfigurationName = Release;
		};
/* End XCConfigurationList section */
	};
	rootObject = BAEFD1A82202009400A7A093 /* Project object */;
}
